Microsoft Visual Studio Solution File, Format Version 12.00
# Visual Studio Version 17
VisualStudioVersion = 17.13.35919.96
MinimumVisualStudioVersion = 10.0.40219.1
Project("{FAE04EC0-301F-11D3-BF4B-00C04F79EFBC}") = "MiF.Mediator", "MF.Mediator\MiF.Mediator.csproj", "{7F64B57A-8826-408D-AA63-BA5D5505AAD9}"
EndProject
Project("{2150E333-8FDC-42A3-9474-1A3956D46DE8}") = "Samples", "Samples", "{577DEE09-3D73-4520-91AD-19A66AFD5DB6}"
EndProject
Project("{FAE04EC0-301F-11D3-BF4B-00C04F79EFBC}") = "MiF.MediatorSample", "MF.MediatorSample\MiF.MediatorSample.csproj", "{FD3A1138-F8C3-4736-B129-1B7215D286F6}"
EndProject
Project("{2150E333-8FDC-42A3-9474-1A3956D46DE8}") = "Tests", "Tests", "{02EA681E-C7D8-13C7-8484-4AC65E1B71E8}"
EndProject
Project("{FAE04EC0-301F-11D3-BF4B-00C04F79EFBC}") = "MiF.MediatorUnitTests", "MiF.MediatorUnitTests\MiF.MediatorUnitTests.csproj", "{B3BB7A8B-005C-4272-B605-7EA9EE53FF7C}"
EndProject
Global
	GlobalSection(SolutionConfigurationPlatforms) = preSolution
		Debug|Any CPU = Debug|Any CPU
		Release|Any CPU = Release|Any CPU
	EndGlobalSection
	GlobalSection(ProjectConfigurationPlatforms) = postSolution
		{7F64B57A-8826-408D-AA63-BA5D5505AAD9}.Debug|Any CPU.ActiveCfg = Debug|Any CPU
		{7F64B57A-8826-408D-AA63-BA5D5505AAD9}.Debug|Any CPU.Build.0 = Debug|Any CPU
		{7F64B57A-8826-408D-AA63-BA5D5505AAD9}.Release|Any CPU.ActiveCfg = Release|Any CPU
		{7F64B57A-8826-408D-AA63-BA5D5505AAD9}.Release|Any CPU.Build.0 = Release|Any CPU
		{FD3A1138-F8C3-4736-B129-1B7215D286F6}.Debug|Any CPU.ActiveCfg = Debug|Any CPU
		{FD3A1138-F8C3-4736-B129-1B7215D286F6}.Debug|Any CPU.Build.0 = Debug|Any CPU
		{FD3A1138-F8C3-4736-B129-1B7215D286F6}.Release|Any CPU.ActiveCfg = Release|Any CPU
		{FD3A1138-F8C3-4736-B129-1B7215D286F6}.Release|Any CPU.Build.0 = Release|Any CPU
		{B3BB7A8B-005C-4272-B605-7EA9EE53FF7C}.Debug|Any CPU.ActiveCfg = Debug|Any CPU
		{B3BB7A8B-005C-4272-B605-7EA9EE53FF7C}.Debug|Any CPU.Build.0 = Debug|Any CPU
		{B3BB7A8B-005C-4272-B605-7EA9EE53FF7C}.Release|Any CPU.ActiveCfg = Release|Any CPU
		{B3BB7A8B-005C-4272-B605-7EA9EE53FF7C}.Release|Any CPU.Build.0 = Release|Any CPU
	EndGlobalSection
	GlobalSection(SolutionProperties) = preSolution
		HideSolutionNode = FALSE
	EndGlobalSection
	GlobalSection(NestedProjects) = preSolution
		{FD3A1138-F8C3-4736-B129-1B7215D286F6} = {577DEE09-3D73-4520-91AD-19A66AFD5DB6}
		{B3BB7A8B-005C-4272-B605-7EA9EE53FF7C} = {02EA681E-C7D8-13C7-8484-4AC65E1B71E8}
	EndGlobalSection
	GlobalSection(ExtensibilityGlobals) = postSolution
		SolutionGuid = {4E0CECED-E0EF-4C13-BA99-6E91BB7A242C}
	EndGlobalSection
EndGlobal
